
Microsoft Visual Studio Solution File, Format Version 12.00
# Visual Studio Version 17
VisualStudioVersion = 17.0.31903.59
MinimumVisualStudioVersion = 10.0.40219.1
Project("{2150E333-8FDC-42A3-9474-1A3956D46DE8}") = "src", "src", "{827E0CD3-B72D-47B6-A68D-7590B98EB39B}"
EndProject
Project("{FAE04EC0-301F-11D3-BF4B-00C04F79EFBC}") = "NguyenBinh.Api", "src\NguyenBinh.Api\NguyenBinh.Api.csproj", "{B46FA851-20C0-40F1-86B0-11D1DB5A78D6}"
EndProject
Project("{FAE04EC0-301F-11D3-BF4B-00C04F79EFBC}") = "NguyenBinh.Application", "src\NguyenBinh.Application\NguyenBinh.Application.csproj", "{3C2DAB47-AE4D-458E-9716-046B4BC488FD}"
EndProject
Project("{FAE04EC0-301F-11D3-BF4B-00C04F79EFBC}") = "NguyenBinh.Domain", "src\NguyenBinh.Domain\NguyenBinh.Domain.csproj", "{4E60069E-E1E6-4323-B7A8-D2CAEF0A0BD0}"
EndProject
Project("{FAE04EC0-301F-11D3-BF4B-00C04F79EFBC}") = "NguyenBinh.Infrastructure", "src\NguyenBinh.Infrastructure\NguyenBinh.Infrastructure.csproj", "{2DDF53F8-90DC-4DCE-8913-9C7C87D1A105}"
EndProject
Project("{FAE04EC0-301F-11D3-BF4B-00C04F79EFBC}") = "NguyenBinh.Shared", "src\NguyenBinh.Shared\NguyenBinh.Shared.csproj", "{BCBB7097-F19A-4908-AA9B-E8293A28E6AD}"
EndProject
Project("{2150E333-8FDC-42A3-9474-1A3956D46DE8}") = "tests", "tests", "{0AB3BF05-4346-4AA6-1389-037BE0695223}"
EndProject
Project("{FAE04EC0-301F-11D3-BF4B-00C04F79EFBC}") = "NguyenBinh.IntegrationTests", "tests\NguyenBinh.IntegrationTests\NguyenBinh.IntegrationTests.csproj", "{C4D35049-00A6-4B68-82B5-43B0529B432C}"
EndProject
Project("{FAE04EC0-301F-11D3-BF4B-00C04F79EFBC}") = "NguyenBinh.UnitTests", "tests\NguyenBinh.UnitTests\NguyenBinh.UnitTests.csproj", "{0011CA10-75CD-4281-977F-F2E43B055BBE}"
EndProject
Global
	GlobalSection(SolutionConfigurationPlatforms) = preSolution
		Debug|Any CPU = Debug|Any CPU
		Debug|x64 = Debug|x64
		Debug|x86 = Debug|x86
		Release|Any CPU = Release|Any CPU
		Release|x64 = Release|x64
		Release|x86 = Release|x86
	EndGlobalSection
	GlobalSection(ProjectConfigurationPlatforms) = postSolution
		{B46FA851-20C0-40F1-86B0-11D1DB5A78D6}.Debug|Any CPU.ActiveCfg = Debug|Any CPU
		{B46FA851-20C0-40F1-86B0-11D1DB5A78D6}.Debug|Any CPU.Build.0 = Debug|Any CPU
		{B46FA851-20C0-40F1-86B0-11D1DB5A78D6}.Debug|x64.ActiveCfg = Debug|Any CPU
		{B46FA851-20C0-40F1-86B0-11D1DB5A78D6}.Debug|x64.Build.0 = Debug|Any CPU
		{B46FA851-20C0-40F1-86B0-11D1DB5A78D6}.Debug|x86.ActiveCfg = Debug|Any CPU
		{B46FA851-20C0-40F1-86B0-11D1DB5A78D6}.Debug|x86.Build.0 = Debug|Any CPU
		{B46FA851-20C0-40F1-86B0-11D1DB5A78D6}.Release|Any CPU.ActiveCfg = Release|Any CPU
		{B46FA851-20C0-40F1-86B0-11D1DB5A78D6}.Release|Any CPU.Build.0 = Release|Any CPU
		{B46FA851-20C0-40F1-86B0-11D1DB5A78D6}.Release|x64.ActiveCfg = Release|Any CPU
		{B46FA851-20C0-40F1-86B0-11D1DB5A78D6}.Release|x64.Build.0 = Release|Any CPU
		{B46FA851-20C0-40F1-86B0-11D1DB5A78D6}.Release|x86.ActiveCfg = Release|Any CPU
		{B46FA851-20C0-40F1-86B0-11D1DB5A78D6}.Release|x86.Build.0 = Release|Any CPU
		{3C2DAB47-AE4D-458E-9716-046B4BC488FD}.Debug|Any CPU.ActiveCfg = Debug|Any CPU
		{3C2DAB47-AE4D-458E-9716-046B4BC488FD}.Debug|Any CPU.Build.0 = Debug|Any CPU
		{3C2DAB47-AE4D-458E-9716-046B4BC488FD}.Debug|x64.ActiveCfg = Debug|Any CPU
		{3C2DAB47-AE4D-458E-9716-046B4BC488FD}.Debug|x64.Build.0 = Debug|Any CPU
		{3C2DAB47-AE4D-458E-9716-046B4BC488FD}.Debug|x86.ActiveCfg = Debug|Any CPU
		{3C2DAB47-AE4D-458E-9716-046B4BC488FD}.Debug|x86.Build.0 = Debug|Any CPU
		{3C2DAB47-AE4D-458E-9716-046B4BC488FD}.Release|Any CPU.ActiveCfg = Release|Any CPU
		{3C2DAB47-AE4D-458E-9716-046B4BC488FD}.Release|Any CPU.Build.0 = Release|Any CPU
		{3C2DAB47-AE4D-458E-9716-046B4BC488FD}.Release|x64.ActiveCfg = Release|Any CPU
		{3C2DAB47-AE4D-458E-9716-046B4BC488FD}.Release|x64.Build.0 = Release|Any CPU
		{3C2DAB47-AE4D-458E-9716-046B4BC488FD}.Release|x86.ActiveCfg = Release|Any CPU
		{3C2DAB47-AE4D-458E-9716-046B4BC488FD}.Release|x86.Build.0 = Release|Any CPU
		{4E60069E-E1E6-4323-B7A8-D2CAEF0A0BD0}.Debug|Any CPU.ActiveCfg = Debug|Any CPU
		{4E60069E-E1E6-4323-B7A8-D2CAEF0A0BD0}.Debug|Any CPU.Build.0 = Debug|Any CPU
		{4E60069E-E1E6-4323-B7A8-D2CAEF0A0BD0}.Debug|x64.ActiveCfg = Debug|Any CPU
		{4E60069E-E1E6-4323-B7A8-D2CAEF0A0BD0}.Debug|x64.Build.0 = Debug|Any CPU
		{4E60069E-E1E6-4323-B7A8-D2CAEF0A0BD0}.Debug|x86.ActiveCfg = Debug|Any CPU
		{4E60069E-E1E6-4323-B7A8-D2CAEF0A0BD0}.Debug|x86.Build.0 = Debug|Any CPU
		{4E60069E-E1E6-4323-B7A8-D2CAEF0A0BD0}.Release|Any CPU.ActiveCfg = Release|Any CPU
		{4E60069E-E1E6-4323-B7A8-D2CAEF0A0BD0}.Release|Any CPU.Build.0 = Release|Any CPU
		{4E60069E-E1E6-4323-B7A8-D2CAEF0A0BD0}.Release|x64.ActiveCfg = Release|Any CPU
		{4E60069E-E1E6-4323-B7A8-D2CAEF0A0BD0}.Release|x64.Build.0 = Release|Any CPU
		{4E60069E-E1E6-4323-B7A8-D2CAEF0A0BD0}.Release|x86.ActiveCfg = Release|Any CPU
		{4E60069E-E1E6-4323-B7A8-D2CAEF0A0BD0}.Release|x86.Build.0 = Release|Any CPU
		{2DDF53F8-90DC-4DCE-8913-9C7C87D1A105}.Debug|Any CPU.ActiveCfg = Debug|Any CPU
		{2DDF53F8-90DC-4DCE-8913-9C7C87D1A105}.Debug|Any CPU.Build.0 = Debug|Any CPU
		{2DDF53F8-90DC-4DCE-8913-9C7C87D1A105}.Debug|x64.ActiveCfg = Debug|Any CPU
		{2DDF53F8-90DC-4DCE-8913-9C7C87D1A105}.Debug|x64.Build.0 = Debug|Any CPU
		{2DDF53F8-90DC-4DCE-8913-9C7C87D1A105}.Debug|x86.ActiveCfg = Debug|Any CPU
		{2DDF53F8-90DC-4DCE-8913-9C7C87D1A105}.Debug|x86.Build.0 = Debug|Any CPU
		{2DDF53F8-90DC-4DCE-8913-9C7C87D1A105}.Release|Any CPU.ActiveCfg = Release|Any CPU
		{2DDF53F8-90DC-4DCE-8913-9C7C87D1A105}.Release|Any CPU.Build.0 = Release|Any CPU
		{2DDF53F8-90DC-4DCE-8913-9C7C87D1A105}.Release|x64.ActiveCfg = Release|Any CPU
		{2DDF53F8-90DC-4DCE-8913-9C7C87D1A105}.Release|x64.Build.0 = Release|Any CPU
		{2DDF53F8-90DC-4DCE-8913-9C7C87D1A105}.Release|x86.ActiveCfg = Release|Any CPU
		{2DDF53F8-90DC-4DCE-8913-9C7C87D1A105}.Release|x86.Build.0 = Release|Any CPU
		{BCBB7097-F19A-4908-AA9B-E8293A28E6AD}.Debug|Any CPU.ActiveCfg = Debug|Any CPU
		{BCBB7097-F19A-4908-AA9B-E8293A28E6AD}.Debug|Any CPU.Build.0 = Debug|Any CPU
		{BCBB7097-F19A-4908-AA9B-E8293A28E6AD}.Debug|x64.ActiveCfg = Debug|Any CPU
		{BCBB7097-F19A-4908-AA9B-E8293A28E6AD}.Debug|x64.Build.0 = Debug|Any CPU
		{BCBB7097-F19A-4908-AA9B-E8293A28E6AD}.Debug|x86.ActiveCfg = Debug|Any CPU
		{BCBB7097-F19A-4908-AA9B-E8293A28E6AD}.Debug|x86.Build.0 = Debug|Any CPU
		{BCBB7097-F19A-4908-AA9B-E8293A28E6AD}.Release|Any CPU.ActiveCfg = Release|Any CPU
		{BCBB7097-F19A-4908-AA9B-E8293A28E6AD}.Release|Any CPU.Build.0 = Release|Any CPU
		{BCBB7097-F19A-4908-AA9B-E8293A28E6AD}.Release|x64.ActiveCfg = Release|Any CPU
		{BCBB7097-F19A-4908-AA9B-E8293A28E6AD}.Release|x64.Build.0 = Release|Any CPU
		{BCBB7097-F19A-4908-AA9B-E8293A28E6AD}.Release|x86.ActiveCfg = Release|Any CPU
		{BCBB7097-F19A-4908-AA9B-E8293A28E6AD}.Release|x86.Build.0 = Release|Any CPU
		{C4D35049-00A6-4B68-82B5-43B0529B432C}.Debug|Any CPU.ActiveCfg = Debug|Any CPU
		{C4D35049-00A6-4B68-82B5-43B0529B432C}.Debug|Any CPU.Build.0 = Debug|Any CPU
		{C4D35049-00A6-4B68-82B5-43B0529B432C}.Debug|x64.ActiveCfg = Debug|Any CPU
		{C4D35049-00A6-4B68-82B5-43B0529B432C}.Debug|x64.Build.0 = Debug|Any CPU
		{C4D35049-00A6-4B68-82B5-43B0529B432C}.Debug|x86.ActiveCfg = Debug|Any CPU
		{C4D35049-00A6-4B68-82B5-43B0529B432C}.Debug|x86.Build.0 = Debug|Any CPU
		{C4D35049-00A6-4B68-82B5-43B0529B432C}.Release|Any CPU.ActiveCfg = Release|Any CPU
		{C4D35049-00A6-4B68-82B5-43B0529B432C}.Release|Any CPU.Build.0 = Release|Any CPU
		{C4D35049-00A6-4B68-82B5-43B0529B432C}.Release|x64.ActiveCfg = Release|Any CPU
		{C4D35049-00A6-4B68-82B5-43B0529B432C}.Release|x64.Build.0 = Release|Any CPU
		{C4D35049-00A6-4B68-82B5-43B0529B432C}.Release|x86.ActiveCfg = Release|Any CPU
		{C4D35049-00A6-4B68-82B5-43B0529B432C}.Release|x86.Build.0 = Release|Any CPU
		{0011CA10-75CD-4281-977F-F2E43B055BBE}.Debug|Any CPU.ActiveCfg = Debug|Any CPU
		{0011CA10-75CD-4281-977F-F2E43B055BBE}.Debug|Any CPU.Build.0 = Debug|Any CPU
		{0011CA10-75CD-4281-977F-F2E43B055BBE}.Debug|x64.ActiveCfg = Debug|Any CPU
		{0011CA10-75CD-4281-977F-F2E43B055BBE}.Debug|x64.Build.0 = Debug|Any CPU
		{0011CA10-75CD-4281-977F-F2E43B055BBE}.Debug|x86.ActiveCfg = Debug|Any CPU
		{0011CA10-75CD-4281-977F-F2E43B055BBE}.Debug|x86.Build.0 = Debug|Any CPU
		{0011CA10-75CD-4281-977F-F2E43B055BBE}.Release|Any CPU.ActiveCfg = Release|Any CPU
		{0011CA10-75CD-4281-977F-F2E43B055BBE}.Release|Any CPU.Build.0 = Release|Any CPU
		{0011CA10-75CD-4281-977F-F2E43B055BBE}.Release|x64.ActiveCfg = Release|Any CPU
		{0011CA10-75CD-4281-977F-F2E43B055BBE}.Release|x64.Build.0 = Release|Any CPU
		{0011CA10-75CD-4281-977F-F2E43B055BBE}.Release|x86.ActiveCfg = Release|Any CPU
		{0011CA10-75CD-4281-977F-F2E43B055BBE}.Release|x86.Build.0 = Release|Any CPU
	EndGlobalSection
	GlobalSection(SolutionProperties) = preSolution
		HideSolutionNode = FALSE
	EndGlobalSection
	GlobalSection(NestedProjects) = preSolution
		{B46FA851-20C0-40F1-86B0-11D1DB5A78D6} = {827E0CD3-B72D-47B6-A68D-7590B98EB39B}
		{3C2DAB47-AE4D-458E-9716-046B4BC488FD} = {827E0CD3-B72D-47B6-A68D-7590B98EB39B}
		{4E60069E-E1E6-4323-B7A8-D2CAEF0A0BD0} = {827E0CD3-B72D-47B6-A68D-7590B98EB39B}
		{2DDF53F8-90DC-4DCE-8913-9C7C87D1A105} = {827E0CD3-B72D-47B6-A68D-7590B98EB39B}
		{BCBB7097-F19A-4908-AA9B-E8293A28E6AD} = {827E0CD3-B72D-47B6-A68D-7590B98EB39B}
		{C4D35049-00A6-4B68-82B5-43B0529B432C} = {0AB3BF05-4346-4AA6-1389-037BE0695223}
		{0011CA10-75CD-4281-977F-F2E43B055BBE} = {0AB3BF05-4346-4AA6-1389-037BE0695223}
	EndGlobalSection
EndGlobal
